
Microsoft Visual Studio Solution File, Format Version 12.00
# Visual Studio Version 17
VisualStudioVersion = 17.3.32929.385
MinimumVisualStudioVersion = 10.0.40219.1
Project("{FAE04EC0-301F-11D3-BF4B-00C04F79EFBC}") = "Vježba-3", "Vježba-3\Vježba-3.csproj", "{ED382452-EF4E-40B3-8F2D-64BD207B4EBC}"
EndProject
Global
	GlobalSection(SolutionConfigurationPlatforms) = preSolution
		Debug|Any CPU = Debug|Any CPU
		Release|Any CPU = Release|Any CPU
	EndGlobalSection
	GlobalSection(ProjectConfigurationPlatforms) = postSolution
		{ED382452-EF4E-40B3-8F2D-64BD207B4EBC}.Debug|Any CPU.ActiveCfg = Debug|Any CPU
		{ED382452-EF4E-40B3-8F2D-64BD207B4EBC}.Debug|Any CPU.Build.0 = Debug|Any CPU
		{ED382452-EF4E-40B3-8F2D-64BD207B4EBC}.Release|Any CPU.ActiveCfg = Release|Any CPU
		{ED382452-EF4E-40B3-8F2D-64BD207B4EBC}.Release|Any CPU.Build.0 = Release|Any CPU
	EndGlobalSection
	GlobalSection(SolutionProperties) = preSolution
		HideSolutionNode = FALSE
	EndGlobalSection
	GlobalSection(ExtensibilityGlobals) = postSolution
		SolutionGuid = {F4297453-38BC-41AE-A37D-2B4E6CBE6B58}
	EndGlobalSection
EndGlobal
