
Microsoft Visual Studio Solution File, Format Version 12.00
# Visual Studio Version 17
VisualStudioVersion = 17.3.32929.385
MinimumVisualStudioVersion = 10.0.40219.1
Project("{FAE04EC0-301F-11D3-BF4B-00C04F79EFBC}") = "Vježba-2", "Vježba-2\Vježba-2.csproj", "{939642F8-8311-46BB-9D0A-F54B3C0E83FE}"
EndProject
Global
	GlobalSection(SolutionConfigurationPlatforms) = preSolution
		Debug|Any CPU = Debug|Any CPU
		Release|Any CPU = Release|Any CPU
	EndGlobalSection
	GlobalSection(ProjectConfigurationPlatforms) = postSolution
		{939642F8-8311-46BB-9D0A-F54B3C0E83FE}.Debug|Any CPU.ActiveCfg = Debug|Any CPU
		{939642F8-8311-46BB-9D0A-F54B3C0E83FE}.Debug|Any CPU.Build.0 = Debug|Any CPU
		{939642F8-8311-46BB-9D0A-F54B3C0E83FE}.Release|Any CPU.ActiveCfg = Release|Any CPU
		{939642F8-8311-46BB-9D0A-F54B3C0E83FE}.Release|Any CPU.Build.0 = Release|Any CPU
	EndGlobalSection
	GlobalSection(SolutionProperties) = preSolution
		HideSolutionNode = FALSE
	EndGlobalSection
	GlobalSection(ExtensibilityGlobals) = postSolution
		SolutionGuid = {2902C231-08CB-46AB-BA79-5A0EBD929A3F}
	EndGlobalSection
EndGlobal
