
Microsoft Visual Studio Solution File, Format Version 12.00
# Visual Studio Version 16
VisualStudioVersion = 16.0.33027.164
MinimumVisualStudioVersion = 10.0.40219.1
Project("{FAE04EC0-301F-11D3-BF4B-00C04F79EFBC}") = "PKolokvij_1_1", "PKolokvij_1_1\PKolokvij_1_1.csproj", "{1492EF1A-5A90-4B58-9A75-5795622F5F79}"
EndProject
Project("{FAE04EC0-301F-11D3-BF4B-00C04F79EFBC}") = "PKolokvij_1_2", "PKolokvij_1_2\PKolokvij_1_2.csproj", "{E0687C70-6F7B-4450-BC2D-5B9D35829A15}"
EndProject
Project("{FAE04EC0-301F-11D3-BF4B-00C04F79EFBC}") = "PKolokvij_1_3", "PKolokvij_1_3\PKolokvij_1_3.csproj", "{F5627C72-B18A-4F07-A947-DF30500CBC61}"
EndProject
Project("{FAE04EC0-301F-11D3-BF4B-00C04F79EFBC}") = "PKolokvij_1_4", "PKolokvij_1_4\PKolokvij_1_4.csproj", "{2CECF32E-1A6B-4993-87CD-8F65BB6E8987}"
EndProject
Project("{FAE04EC0-301F-11D3-BF4B-00C04F79EFBC}") = "PKolokvij_1_5", "PKolokvij_1_5\PKolokvij_1_5.csproj", "{8CFCB66F-88CE-4E05-A36D-DA52BFDEA797}"
EndProject
Project("{FAE04EC0-301F-11D3-BF4B-00C04F79EFBC}") = "PKolokvij_1_6", "PKolokvij_1_6\PKolokvij_1_6.csproj", "{7B3CDF43-20A2-47DA-93F2-EA90C2FFC6E5}"
EndProject
Project("{FAE04EC0-301F-11D3-BF4B-00C04F79EFBC}") = "PKolokvij_1_7", "PKolokvij_1_7\PKolokvij_1_7.csproj", "{08AEDB4B-61BE-4BD1-B789-7B43D761E408}"
EndProject
Project("{FAE04EC0-301F-11D3-BF4B-00C04F79EFBC}") = "PKolokvij_1_8", "PKolokvij_1_8\PKolokvij_1_8.csproj", "{474B54DD-1730-4194-8B85-CC9F4C727D84}"
EndProject
Project("{FAE04EC0-301F-11D3-BF4B-00C04F79EFBC}") = "PKolokvij_1_9", "PKolokvij_1_9\PKolokvij_1_9.csproj", "{52EE11C9-A4A2-440D-BB25-BC12B0B787E4}"
EndProject
Project("{FAE04EC0-301F-11D3-BF4B-00C04F79EFBC}") = "PKolokvij_1_10", "PKolokvij_1_10\PKolokvij_1_10.csproj", "{2A3D8537-A16A-4333-889E-C71B0C146D34}"
EndProject
Project("{FAE04EC0-301F-11D3-BF4B-00C04F79EFBC}") = "PKolokvij_1_11", "PKolokvij_1_11\PKolokvij_1_11.csproj", "{53920BB1-FA9E-4EB3-9266-6171AA0D4FF9}"
EndProject
Project("{FAE04EC0-301F-11D3-BF4B-00C04F79EFBC}") = "LV1Zadatak_1", "LV1Zadatak_1\LV1Zadatak_1.csproj", "{6FDC6894-20C6-40BE-9297-62EF255DA510}"
EndProject
Project("{FAE04EC0-301F-11D3-BF4B-00C04F79EFBC}") = "LV1Zadatak_2", "LV1Zadatak_2\LV1Zadatak_2.csproj", "{950CB5C8-3ABD-4118-BC5C-4A467B3C8FC3}"
EndProject
Project("{FAE04EC0-301F-11D3-BF4B-00C04F79EFBC}") = "LV1Zadatak_3", "LV1Zadatak_3\LV1Zadatak_3.csproj", "{5657386A-0365-462D-BCDA-8710D8772181}"
EndProject
Project("{FAE04EC0-301F-11D3-BF4B-00C04F79EFBC}") = "LV1Zadatak_4", "LV1Zadatak_4\LV1Zadatak_4.csproj", "{784CBF12-4F29-46E9-98B0-1A3F43722D1F}"
EndProject
Project("{FAE04EC0-301F-11D3-BF4B-00C04F79EFBC}") = "LV1Zadatak_5", "LV1Zadatak_5\LV1Zadatak_5.csproj", "{A51F71C3-BF3C-46AC-814B-749156D0E8CE}"
EndProject
Project("{FAE04EC0-301F-11D3-BF4B-00C04F79EFBC}") = "LV1Zadatak_6", "LV1Zadatak_6\LV1Zadatak_6.csproj", "{BF7CFFD9-C70B-4CAC-B61C-96A80191CD40}"
EndProject
Project("{FAE04EC0-301F-11D3-BF4B-00C04F79EFBC}") = "LV2Zadatak_1", "LV2Zadatak_1\LV2Zadatak_1.csproj", "{F494BB3F-F15E-4C0C-9407-59CA3435E21C}"
EndProject
Project("{FAE04EC0-301F-11D3-BF4B-00C04F79EFBC}") = "LV2Zadatak_2", "LV2Zadatak_2\LV2Zadatak_2.csproj", "{D1607D76-CC20-4D0C-9FC2-37981AA0377B}"
EndProject
Project("{FAE04EC0-301F-11D3-BF4B-00C04F79EFBC}") = "LV2Zadatak_3", "LV2Zadatak_3\LV2Zadatak_3.csproj", "{BD2CB40D-98FB-4C74-9A9E-CC00BB90C45B}"
EndProject
Project("{FAE04EC0-301F-11D3-BF4B-00C04F79EFBC}") = "LV2Zadatak_4", "LV2Zadatak_4\LV2Zadatak_4.csproj", "{E4999E3A-7156-45CB-87B4-BF317CA4A6D1}"
EndProject
Project("{FAE04EC0-301F-11D3-BF4B-00C04F79EFBC}") = "LV2Zadatak_5", "LV2Zadatak_5\LV2Zadatak_5.csproj", "{D639C5C1-B86E-4CAF-B4FF-8D18EAEDB76B}"
EndProject
Project("{FAE04EC0-301F-11D3-BF4B-00C04F79EFBC}") = "LV2Zadatak_6", "LV2Zadatak_6\LV2Zadatak_6.csproj", "{24C5EB99-60CD-4C80-B03A-BBAB83F25E68}"
EndProject
Project("{FAE04EC0-301F-11D3-BF4B-00C04F79EFBC}") = "LV2Zadatak_7", "LV2Zadatak_7\LV2Zadatak_7.csproj", "{AADF9C3F-2B4D-48A2-9D10-31A52FE152FE}"
EndProject
Project("{FAE04EC0-301F-11D3-BF4B-00C04F79EFBC}") = "LV2Zadatak_8", "LV2Zadatak_8\LV2Zadatak_8.csproj", "{051F49F3-4C64-45FF-883D-4F9505B33719}"
EndProject
Project("{FAE04EC0-301F-11D3-BF4B-00C04F79EFBC}") = "LV3Zadatak_1", "LV3Zadatak_1\LV3Zadatak_1.csproj", "{921A93AA-0A91-49EC-AC4D-3578693D6726}"
EndProject
Project("{FAE04EC0-301F-11D3-BF4B-00C04F79EFBC}") = "LV3Zadatak_2", "LV3Zadatak_2\LV3Zadatak_2.csproj", "{42627ABF-FB25-40FA-BAA5-8BDD6C49D38B}"
EndProject
Project("{FAE04EC0-301F-11D3-BF4B-00C04F79EFBC}") = "LV3Zadatak_3", "LV3Zadatak_3\LV3Zadatak_3.csproj", "{2A8146C5-10D4-45E2-AA89-11A786688134}"
EndProject
Project("{FAE04EC0-301F-11D3-BF4B-00C04F79EFBC}") = "LV3Zadatak_4", "LV3Zadatak_4\LV3Zadatak_4.csproj", "{CD341E24-F118-4D23-A0B7-16C76F300617}"
EndProject
Project("{FAE04EC0-301F-11D3-BF4B-00C04F79EFBC}") = "LV3Zadatak_5", "LV3Zadatak_5\LV3Zadatak_5.csproj", "{A75C6A91-F7F1-412D-BBBC-F7A5FD81AD2C}"
EndProject
Project("{FAE04EC0-301F-11D3-BF4B-00C04F79EFBC}") = "LV3Zadatak_6", "LV3Zadatak_6\LV3Zadatak_6.csproj", "{6D3FF148-914C-477C-94C6-629FEA7DA97E}"
EndProject
Project("{FAE04EC0-301F-11D3-BF4B-00C04F79EFBC}") = "LV4Zadatak_1", "LV4Zadatak_1\LV4Zadatak_1.csproj", "{4D87E333-90D8-48AD-B349-2884C994F16B}"
EndProject
Project("{FAE04EC0-301F-11D3-BF4B-00C04F79EFBC}") = "LV4Zadatak_2", "LV4Zadatak_2\LV4Zadatak_2.csproj", "{8EDD78E0-7E62-4BFC-A2FC-B2A0F488A855}"
EndProject
Project("{FAE04EC0-301F-11D3-BF4B-00C04F79EFBC}") = "LV4Zadatak_3", "LV4Zadatak_3\LV4Zadatak_3.csproj", "{170D95E5-4FEC-4472-8131-1CF1087C7348}"
EndProject
Project("{FAE04EC0-301F-11D3-BF4B-00C04F79EFBC}") = "LV4Zadatak_4", "LV4Zadatak_4\LV4Zadatak_4.csproj", "{6DD02DD9-0518-4415-BDCA-F2332D6A6D0F}"
EndProject
Project("{FAE04EC0-301F-11D3-BF4B-00C04F79EFBC}") = "LV4Zadatak_5", "LV4Zadatak_5\LV4Zadatak_5.csproj", "{924C124D-1CFB-4BCA-8AE2-62E9412BCD11}"
EndProject
Project("{FAE04EC0-301F-11D3-BF4B-00C04F79EFBC}") = "LV4Zadatak_6", "LV4Zadatak_6\LV4Zadatak_6.csproj", "{C9475592-9FFC-472C-BCD8-47AAFD03A61D}"
EndProject
Project("{FAE04EC0-301F-11D3-BF4B-00C04F79EFBC}") = "LV4Zadatak_7", "LV4Zadatak_7\LV4Zadatak_7.csproj", "{17D9AC79-B301-473C-AD9F-E28E46DBDA98}"
EndProject
Project("{FAE04EC0-301F-11D3-BF4B-00C04F79EFBC}") = "LV4Zadatak_8", "LV4Zadatak_8\LV4Zadatak_8.csproj", "{8B1F816E-C70D-4BA0-9020-B6A41ACB6BD2}"
EndProject
Project("{FAE04EC0-301F-11D3-BF4B-00C04F79EFBC}") = "LV4Zadatak_9", "LV4Zadatak_9\LV4Zadatak_9.csproj", "{B1F47C1A-AB0B-477F-9FED-197CB7BF6309}"
EndProject
Project("{FAE04EC0-301F-11D3-BF4B-00C04F79EFBC}") = "LV5Zadatak_1", "LV5Zadatak_1\LV5Zadatak_1.csproj", "{B62EF045-DCC4-4706-BF9F-A8CAF1749FAD}"
EndProject
Project("{FAE04EC0-301F-11D3-BF4B-00C04F79EFBC}") = "LV5Zadatak_2", "LV5Zadatak_2\LV5Zadatak_2.csproj", "{319C15F8-BB45-4E4F-91D9-9C8603CC88EE}"
EndProject
Project("{FAE04EC0-301F-11D3-BF4B-00C04F79EFBC}") = "LV5Zadatak_3", "LV5Zadatak_3\LV5Zadatak_3.csproj", "{22F9B820-16D4-44EF-A796-881389409363}"
EndProject
Project("{FAE04EC0-301F-11D3-BF4B-00C04F79EFBC}") = "LV5Zadatak_4", "LV5Zadatak_4\LV5Zadatak_4.csproj", "{93DD50C8-0664-4389-98D1-C50EA9415B88}"
EndProject
Project("{FAE04EC0-301F-11D3-BF4B-00C04F79EFBC}") = "LV5Zadatak_5", "LV5Zadatak_5\LV5Zadatak_5.csproj", "{48B55C44-AD73-479E-90C7-1B1FD6E00133}"
EndProject
Project("{FAE04EC0-301F-11D3-BF4B-00C04F79EFBC}") = "LV5Zadatak_6", "LV5Zadatak_6\LV5Zadatak_6.csproj", "{1BB943C1-701F-44C6-BB1A-48717C096E7F}"
EndProject
Project("{FAE04EC0-301F-11D3-BF4B-00C04F79EFBC}") = "LV5Zadatak_7", "LV5Zadatak_7\LV5Zadatak_7.csproj", "{7341A3F4-5279-4588-A5ED-CA34E6F72C75}"
EndProject
Project("{FAE04EC0-301F-11D3-BF4B-00C04F79EFBC}") = "LV5Zadatak_8", "LV5Zadatak_8\LV5Zadatak_8.csproj", "{5F7FAC5C-C6F1-42C7-B0E4-AB7ECBA185ED}"
EndProject
Project("{FAE04EC0-301F-11D3-BF4B-00C04F79EFBC}") = "LV5Zadatak_9", "LV5Zadatak_9\LV5Zadatak_9.csproj", "{AFB2ECD2-B9A9-4D44-B48F-8C8F0033EB7B}"
EndProject
Project("{FAE04EC0-301F-11D3-BF4B-00C04F79EFBC}") = "LV5Zadatak_10", "LV5ZadataK_10\LV5Zadatak_10.csproj", "{23351EEA-C0AD-4108-B5CE-6670FC356022}"
EndProject
Project("{FAE04EC0-301F-11D3-BF4B-00C04F79EFBC}") = "LV6Zadatak_1", "LV6Zadatak_1\LV6Zadatak_1.csproj", "{829CD8EA-1434-46E4-A1AD-A983EA277C54}"
EndProject
Project("{FAE04EC0-301F-11D3-BF4B-00C04F79EFBC}") = "LV6Zadatak_2", "LV6Zadatak_2\LV6Zadatak_2.csproj", "{6DE80CCE-95DF-43C5-B391-DAE597C917A8}"
EndProject
Project("{FAE04EC0-301F-11D3-BF4B-00C04F79EFBC}") = "LV6Zadatak_3", "LV6Zadatak_3\LV6Zadatak_3.csproj", "{9F2796D5-7FC7-40CB-A1DE-11436293D472}"
EndProject
Project("{FAE04EC0-301F-11D3-BF4B-00C04F79EFBC}") = "LV6Zadatak_4", "LV6Zadatak_4\LV6Zadatak_4.csproj", "{01D7468A-7B9F-4C21-AE25-8383423D88D4}"
EndProject
Project("{FAE04EC0-301F-11D3-BF4B-00C04F79EFBC}") = "LV6Zadatak_5", "LV6Zadatak_5\LV6Zadatak_5.csproj", "{F4336CE2-FEF0-40C1-A9D7-48FB9898FCD1}"
EndProject
Project("{FAE04EC0-301F-11D3-BF4B-00C04F79EFBC}") = "LV7Zadatak_1", "LV7Zadatak_1\LV7Zadatak_1.csproj", "{15683292-82AD-4430-9B9C-41F0B2874C75}"
EndProject
Project("{FAE04EC0-301F-11D3-BF4B-00C04F79EFBC}") = "LV7Zadatak_2", "LV7Zadatak_2\LV7Zadatak_2.csproj", "{829981F1-063B-4536-9FDF-EE016CE2FDC5}"
EndProject
Project("{FAE04EC0-301F-11D3-BF4B-00C04F79EFBC}") = "LV8Zadatak_1", "LV8Zadatak_1\LV8Zadatak_1.csproj", "{5AC33161-C2F4-4B45-97A7-A4EFDCFF09C1}"
EndProject
Project("{FAE04EC0-301F-11D3-BF4B-00C04F79EFBC}") = "LV8Zadatak_2", "LV8Zadatak_2\LV8Zadatak_2.csproj", "{8D3BFDB5-8E81-474B-AC28-94E3F7C8636E}"
EndProject
Project("{FAE04EC0-301F-11D3-BF4B-00C04F79EFBC}") = "LV8Zadatak_3", "LV8Zadatak_3\LV8Zadatak_3.csproj", "{6A6A1A1F-2182-41A7-B64E-7635AEFA9AF9}"
EndProject
Project("{FAE04EC0-301F-11D3-BF4B-00C04F79EFBC}") = "LV8Zadatak_4", "LV8Zadatak_4\LV8Zadatak_4.csproj", "{DEA6E277-0EF7-4A75-B8B4-6BE21AD775CD}"
EndProject
Project("{FAE04EC0-301F-11D3-BF4B-00C04F79EFBC}") = "LV8Zadatak_5", "LV8Zadatak_5\LV8Zadatak_5.csproj", "{69804FB8-4BD7-49D5-BE90-4B88D60FA7DB}"
EndProject
Project("{FAE04EC0-301F-11D3-BF4B-00C04F79EFBC}") = "LV9Zadatak_1", "LV9Zadatak_1\LV9Zadatak_1.csproj", "{E17DF2DC-94C7-4EAE-926C-E9472D846506}"
EndProject
Project("{FAE04EC0-301F-11D3-BF4B-00C04F79EFBC}") = "LV9Zadatak_2", "LV9Zadatak_2\LV9Zadatak_2.csproj", "{26DA04A5-8CF9-42CB-84B7-D9CB2B273E8C}"
EndProject
Project("{FAE04EC0-301F-11D3-BF4B-00C04F79EFBC}") = "LV9Zadatak_3", "LV9Zadatak_3\LV9Zadatak_3.csproj", "{7B323D62-AD7F-4B8A-B454-2D1CEC495674}"
EndProject
Project("{FAE04EC0-301F-11D3-BF4B-00C04F79EFBC}") = "LV9Zadatak_4", "LV9Zadatak_4\LV9Zadatak_4.csproj", "{DC7F16CC-E1A1-4B18-8752-835A991DF010}"
EndProject
Global
	GlobalSection(SolutionConfigurationPlatforms) = preSolution
		Debug|Any CPU = Debug|Any CPU
		Release|Any CPU = Release|Any CPU
	EndGlobalSection
	GlobalSection(ProjectConfigurationPlatforms) = postSolution
		{1492EF1A-5A90-4B58-9A75-5795622F5F79}.Debug|Any CPU.ActiveCfg = Debug|Any CPU
		{1492EF1A-5A90-4B58-9A75-5795622F5F79}.Debug|Any CPU.Build.0 = Debug|Any CPU
		{1492EF1A-5A90-4B58-9A75-5795622F5F79}.Release|Any CPU.ActiveCfg = Release|Any CPU
		{1492EF1A-5A90-4B58-9A75-5795622F5F79}.Release|Any CPU.Build.0 = Release|Any CPU
		{E0687C70-6F7B-4450-BC2D-5B9D35829A15}.Debug|Any CPU.ActiveCfg = Debug|Any CPU
		{E0687C70-6F7B-4450-BC2D-5B9D35829A15}.Debug|Any CPU.Build.0 = Debug|Any CPU
		{E0687C70-6F7B-4450-BC2D-5B9D35829A15}.Release|Any CPU.ActiveCfg = Release|Any CPU
		{E0687C70-6F7B-4450-BC2D-5B9D35829A15}.Release|Any CPU.Build.0 = Release|Any CPU
		{F5627C72-B18A-4F07-A947-DF30500CBC61}.Debug|Any CPU.ActiveCfg = Debug|Any CPU
		{F5627C72-B18A-4F07-A947-DF30500CBC61}.Debug|Any CPU.Build.0 = Debug|Any CPU
		{F5627C72-B18A-4F07-A947-DF30500CBC61}.Release|Any CPU.ActiveCfg = Release|Any CPU
		{F5627C72-B18A-4F07-A947-DF30500CBC61}.Release|Any CPU.Build.0 = Release|Any CPU
		{2CECF32E-1A6B-4993-87CD-8F65BB6E8987}.Debug|Any CPU.ActiveCfg = Debug|Any CPU
		{2CECF32E-1A6B-4993-87CD-8F65BB6E8987}.Debug|Any CPU.Build.0 = Debug|Any CPU
		{2CECF32E-1A6B-4993-87CD-8F65BB6E8987}.Release|Any CPU.ActiveCfg = Release|Any CPU
		{2CECF32E-1A6B-4993-87CD-8F65BB6E8987}.Release|Any CPU.Build.0 = Release|Any CPU
		{8CFCB66F-88CE-4E05-A36D-DA52BFDEA797}.Debug|Any CPU.ActiveCfg = Debug|Any CPU
		{8CFCB66F-88CE-4E05-A36D-DA52BFDEA797}.Debug|Any CPU.Build.0 = Debug|Any CPU
		{8CFCB66F-88CE-4E05-A36D-DA52BFDEA797}.Release|Any CPU.ActiveCfg = Release|Any CPU
		{8CFCB66F-88CE-4E05-A36D-DA52BFDEA797}.Release|Any CPU.Build.0 = Release|Any CPU
		{7B3CDF43-20A2-47DA-93F2-EA90C2FFC6E5}.Debug|Any CPU.ActiveCfg = Debug|Any CPU
		{7B3CDF43-20A2-47DA-93F2-EA90C2FFC6E5}.Debug|Any CPU.Build.0 = Debug|Any CPU
		{7B3CDF43-20A2-47DA-93F2-EA90C2FFC6E5}.Release|Any CPU.ActiveCfg = Release|Any CPU
		{7B3CDF43-20A2-47DA-93F2-EA90C2FFC6E5}.Release|Any CPU.Build.0 = Release|Any CPU
		{08AEDB4B-61BE-4BD1-B789-7B43D761E408}.Debug|Any CPU.ActiveCfg = Debug|Any CPU
		{08AEDB4B-61BE-4BD1-B789-7B43D761E408}.Debug|Any CPU.Build.0 = Debug|Any CPU
		{08AEDB4B-61BE-4BD1-B789-7B43D761E408}.Release|Any CPU.ActiveCfg = Release|Any CPU
		{08AEDB4B-61BE-4BD1-B789-7B43D761E408}.Release|Any CPU.Build.0 = Release|Any CPU
		{474B54DD-1730-4194-8B85-CC9F4C727D84}.Debug|Any CPU.ActiveCfg = Debug|Any CPU
		{474B54DD-1730-4194-8B85-CC9F4C727D84}.Debug|Any CPU.Build.0 = Debug|Any CPU
		{474B54DD-1730-4194-8B85-CC9F4C727D84}.Release|Any CPU.ActiveCfg = Release|Any CPU
		{474B54DD-1730-4194-8B85-CC9F4C727D84}.Release|Any CPU.Build.0 = Release|Any CPU
		{52EE11C9-A4A2-440D-BB25-BC12B0B787E4}.Debug|Any CPU.ActiveCfg = Debug|Any CPU
		{52EE11C9-A4A2-440D-BB25-BC12B0B787E4}.Debug|Any CPU.Build.0 = Debug|Any CPU
		{52EE11C9-A4A2-440D-BB25-BC12B0B787E4}.Release|Any CPU.ActiveCfg = Release|Any CPU
		{52EE11C9-A4A2-440D-BB25-BC12B0B787E4}.Release|Any CPU.Build.0 = Release|Any CPU
		{2A3D8537-A16A-4333-889E-C71B0C146D34}.Debug|Any CPU.ActiveCfg = Debug|Any CPU
		{2A3D8537-A16A-4333-889E-C71B0C146D34}.Debug|Any CPU.Build.0 = Debug|Any CPU
		{2A3D8537-A16A-4333-889E-C71B0C146D34}.Release|Any CPU.ActiveCfg = Release|Any CPU
		{2A3D8537-A16A-4333-889E-C71B0C146D34}.Release|Any CPU.Build.0 = Release|Any CPU
		{53920BB1-FA9E-4EB3-9266-6171AA0D4FF9}.Debug|Any CPU.ActiveCfg = Debug|Any CPU
		{53920BB1-FA9E-4EB3-9266-6171AA0D4FF9}.Debug|Any CPU.Build.0 = Debug|Any CPU
		{53920BB1-FA9E-4EB3-9266-6171AA0D4FF9}.Release|Any CPU.ActiveCfg = Release|Any CPU
		{53920BB1-FA9E-4EB3-9266-6171AA0D4FF9}.Release|Any CPU.Build.0 = Release|Any CPU
		{6FDC6894-20C6-40BE-9297-62EF255DA510}.Debug|Any CPU.ActiveCfg = Debug|Any CPU
		{6FDC6894-20C6-40BE-9297-62EF255DA510}.Debug|Any CPU.Build.0 = Debug|Any CPU
		{6FDC6894-20C6-40BE-9297-62EF255DA510}.Release|Any CPU.ActiveCfg = Release|Any CPU
		{6FDC6894-20C6-40BE-9297-62EF255DA510}.Release|Any CPU.Build.0 = Release|Any CPU
		{950CB5C8-3ABD-4118-BC5C-4A467B3C8FC3}.Debug|Any CPU.ActiveCfg = Debug|Any CPU
		{950CB5C8-3ABD-4118-BC5C-4A467B3C8FC3}.Debug|Any CPU.Build.0 = Debug|Any CPU
		{950CB5C8-3ABD-4118-BC5C-4A467B3C8FC3}.Release|Any CPU.ActiveCfg = Release|Any CPU
		{950CB5C8-3ABD-4118-BC5C-4A467B3C8FC3}.Release|Any CPU.Build.0 = Release|Any CPU
		{5657386A-0365-462D-BCDA-8710D8772181}.Debug|Any CPU.ActiveCfg = Debug|Any CPU
		{5657386A-0365-462D-BCDA-8710D8772181}.Debug|Any CPU.Build.0 = Debug|Any CPU
		{5657386A-0365-462D-BCDA-8710D8772181}.Release|Any CPU.ActiveCfg = Release|Any CPU
		{5657386A-0365-462D-BCDA-8710D8772181}.Release|Any CPU.Build.0 = Release|Any CPU
		{784CBF12-4F29-46E9-98B0-1A3F43722D1F}.Debug|Any CPU.ActiveCfg = Debug|Any CPU
		{784CBF12-4F29-46E9-98B0-1A3F43722D1F}.Debug|Any CPU.Build.0 = Debug|Any CPU
		{784CBF12-4F29-46E9-98B0-1A3F43722D1F}.Release|Any CPU.ActiveCfg = Release|Any CPU
		{784CBF12-4F29-46E9-98B0-1A3F43722D1F}.Release|Any CPU.Build.0 = Release|Any CPU
		{A51F71C3-BF3C-46AC-814B-749156D0E8CE}.Debug|Any CPU.ActiveCfg = Debug|Any CPU
		{A51F71C3-BF3C-46AC-814B-749156D0E8CE}.Debug|Any CPU.Build.0 = Debug|Any CPU
		{A51F71C3-BF3C-46AC-814B-749156D0E8CE}.Release|Any CPU.ActiveCfg = Release|Any CPU
		{A51F71C3-BF3C-46AC-814B-749156D0E8CE}.Release|Any CPU.Build.0 = Release|Any CPU
		{BF7CFFD9-C70B-4CAC-B61C-96A80191CD40}.Debug|Any CPU.ActiveCfg = Debug|Any CPU
		{BF7CFFD9-C70B-4CAC-B61C-96A80191CD40}.Debug|Any CPU.Build.0 = Debug|Any CPU
		{BF7CFFD9-C70B-4CAC-B61C-96A80191CD40}.Release|Any CPU.ActiveCfg = Release|Any CPU
		{BF7CFFD9-C70B-4CAC-B61C-96A80191CD40}.Release|Any CPU.Build.0 = Release|Any CPU
		{F494BB3F-F15E-4C0C-9407-59CA3435E21C}.Debug|Any CPU.ActiveCfg = Debug|Any CPU
		{F494BB3F-F15E-4C0C-9407-59CA3435E21C}.Debug|Any CPU.Build.0 = Debug|Any CPU
		{F494BB3F-F15E-4C0C-9407-59CA3435E21C}.Release|Any CPU.ActiveCfg = Release|Any CPU
		{F494BB3F-F15E-4C0C-9407-59CA3435E21C}.Release|Any CPU.Build.0 = Release|Any CPU
		{D1607D76-CC20-4D0C-9FC2-37981AA0377B}.Debug|Any CPU.ActiveCfg = Debug|Any CPU
		{D1607D76-CC20-4D0C-9FC2-37981AA0377B}.Debug|Any CPU.Build.0 = Debug|Any CPU
		{D1607D76-CC20-4D0C-9FC2-37981AA0377B}.Release|Any CPU.ActiveCfg = Release|Any CPU
		{D1607D76-CC20-4D0C-9FC2-37981AA0377B}.Release|Any CPU.Build.0 = Release|Any CPU
		{BD2CB40D-98FB-4C74-9A9E-CC00BB90C45B}.Debug|Any CPU.ActiveCfg = Debug|Any CPU
		{BD2CB40D-98FB-4C74-9A9E-CC00BB90C45B}.Debug|Any CPU.Build.0 = Debug|Any CPU
		{BD2CB40D-98FB-4C74-9A9E-CC00BB90C45B}.Release|Any CPU.ActiveCfg = Release|Any CPU
		{BD2CB40D-98FB-4C74-9A9E-CC00BB90C45B}.Release|Any CPU.Build.0 = Release|Any CPU
		{E4999E3A-7156-45CB-87B4-BF317CA4A6D1}.Debug|Any CPU.ActiveCfg = Debug|Any CPU
		{E4999E3A-7156-45CB-87B4-BF317CA4A6D1}.Debug|Any CPU.Build.0 = Debug|Any CPU
		{E4999E3A-7156-45CB-87B4-BF317CA4A6D1}.Release|Any CPU.ActiveCfg = Release|Any CPU
		{E4999E3A-7156-45CB-87B4-BF317CA4A6D1}.Release|Any CPU.Build.0 = Release|Any CPU
		{D639C5C1-B86E-4CAF-B4FF-8D18EAEDB76B}.Debug|Any CPU.ActiveCfg = Debug|Any CPU
		{D639C5C1-B86E-4CAF-B4FF-8D18EAEDB76B}.Debug|Any CPU.Build.0 = Debug|Any CPU
		{D639C5C1-B86E-4CAF-B4FF-8D18EAEDB76B}.Release|Any CPU.ActiveCfg = Release|Any CPU
		{D639C5C1-B86E-4CAF-B4FF-8D18EAEDB76B}.Release|Any CPU.Build.0 = Release|Any CPU
		{24C5EB99-60CD-4C80-B03A-BBAB83F25E68}.Debug|Any CPU.ActiveCfg = Debug|Any CPU
		{24C5EB99-60CD-4C80-B03A-BBAB83F25E68}.Debug|Any CPU.Build.0 = Debug|Any CPU
		{24C5EB99-60CD-4C80-B03A-BBAB83F25E68}.Release|Any CPU.ActiveCfg = Release|Any CPU
		{24C5EB99-60CD-4C80-B03A-BBAB83F25E68}.Release|Any CPU.Build.0 = Release|Any CPU
		{AADF9C3F-2B4D-48A2-9D10-31A52FE152FE}.Debug|Any CPU.ActiveCfg = Debug|Any CPU
		{AADF9C3F-2B4D-48A2-9D10-31A52FE152FE}.Debug|Any CPU.Build.0 = Debug|Any CPU
		{AADF9C3F-2B4D-48A2-9D10-31A52FE152FE}.Release|Any CPU.ActiveCfg = Release|Any CPU
		{AADF9C3F-2B4D-48A2-9D10-31A52FE152FE}.Release|Any CPU.Build.0 = Release|Any CPU
		{051F49F3-4C64-45FF-883D-4F9505B33719}.Debug|Any CPU.ActiveCfg = Debug|Any CPU
		{051F49F3-4C64-45FF-883D-4F9505B33719}.Debug|Any CPU.Build.0 = Debug|Any CPU
		{051F49F3-4C64-45FF-883D-4F9505B33719}.Release|Any CPU.ActiveCfg = Release|Any CPU
		{051F49F3-4C64-45FF-883D-4F9505B33719}.Release|Any CPU.Build.0 = Release|Any CPU
		{921A93AA-0A91-49EC-AC4D-3578693D6726}.Debug|Any CPU.ActiveCfg = Debug|Any CPU
		{921A93AA-0A91-49EC-AC4D-3578693D6726}.Debug|Any CPU.Build.0 = Debug|Any CPU
		{921A93AA-0A91-49EC-AC4D-3578693D6726}.Release|Any CPU.ActiveCfg = Release|Any CPU
		{921A93AA-0A91-49EC-AC4D-3578693D6726}.Release|Any CPU.Build.0 = Release|Any CPU
		{42627ABF-FB25-40FA-BAA5-8BDD6C49D38B}.Debug|Any CPU.ActiveCfg = Debug|Any CPU
		{42627ABF-FB25-40FA-BAA5-8BDD6C49D38B}.Debug|Any CPU.Build.0 = Debug|Any CPU
		{42627ABF-FB25-40FA-BAA5-8BDD6C49D38B}.Release|Any CPU.ActiveCfg = Release|Any CPU
		{42627ABF-FB25-40FA-BAA5-8BDD6C49D38B}.Release|Any CPU.Build.0 = Release|Any CPU
		{2A8146C5-10D4-45E2-AA89-11A786688134}.Debug|Any CPU.ActiveCfg = Debug|Any CPU
		{2A8146C5-10D4-45E2-AA89-11A786688134}.Debug|Any CPU.Build.0 = Debug|Any CPU
		{2A8146C5-10D4-45E2-AA89-11A786688134}.Release|Any CPU.ActiveCfg = Release|Any CPU
		{2A8146C5-10D4-45E2-AA89-11A786688134}.Release|Any CPU.Build.0 = Release|Any CPU
		{CD341E24-F118-4D23-A0B7-16C76F300617}.Debug|Any CPU.ActiveCfg = Debug|Any CPU
		{CD341E24-F118-4D23-A0B7-16C76F300617}.Debug|Any CPU.Build.0 = Debug|Any CPU
		{CD341E24-F118-4D23-A0B7-16C76F300617}.Release|Any CPU.ActiveCfg = Release|Any CPU
		{CD341E24-F118-4D23-A0B7-16C76F300617}.Release|Any CPU.Build.0 = Release|Any CPU
		{A75C6A91-F7F1-412D-BBBC-F7A5FD81AD2C}.Debug|Any CPU.ActiveCfg = Debug|Any CPU
		{A75C6A91-F7F1-412D-BBBC-F7A5FD81AD2C}.Debug|Any CPU.Build.0 = Debug|Any CPU
		{A75C6A91-F7F1-412D-BBBC-F7A5FD81AD2C}.Release|Any CPU.ActiveCfg = Release|Any CPU
		{A75C6A91-F7F1-412D-BBBC-F7A5FD81AD2C}.Release|Any CPU.Build.0 = Release|Any CPU
		{6D3FF148-914C-477C-94C6-629FEA7DA97E}.Debug|Any CPU.ActiveCfg = Debug|Any CPU
		{6D3FF148-914C-477C-94C6-629FEA7DA97E}.Debug|Any CPU.Build.0 = Debug|Any CPU
		{6D3FF148-914C-477C-94C6-629FEA7DA97E}.Release|Any CPU.ActiveCfg = Release|Any CPU
		{6D3FF148-914C-477C-94C6-629FEA7DA97E}.Release|Any CPU.Build.0 = Release|Any CPU
		{4D87E333-90D8-48AD-B349-2884C994F16B}.Debug|Any CPU.ActiveCfg = Debug|Any CPU
		{4D87E333-90D8-48AD-B349-2884C994F16B}.Debug|Any CPU.Build.0 = Debug|Any CPU
		{4D87E333-90D8-48AD-B349-2884C994F16B}.Release|Any CPU.ActiveCfg = Release|Any CPU
		{4D87E333-90D8-48AD-B349-2884C994F16B}.Release|Any CPU.Build.0 = Release|Any CPU
		{8EDD78E0-7E62-4BFC-A2FC-B2A0F488A855}.Debug|Any CPU.ActiveCfg = Debug|Any CPU
		{8EDD78E0-7E62-4BFC-A2FC-B2A0F488A855}.Debug|Any CPU.Build.0 = Debug|Any CPU
		{8EDD78E0-7E62-4BFC-A2FC-B2A0F488A855}.Release|Any CPU.ActiveCfg = Release|Any CPU
		{8EDD78E0-7E62-4BFC-A2FC-B2A0F488A855}.Release|Any CPU.Build.0 = Release|Any CPU
		{170D95E5-4FEC-4472-8131-1CF1087C7348}.Debug|Any CPU.ActiveCfg = Debug|Any CPU
		{170D95E5-4FEC-4472-8131-1CF1087C7348}.Debug|Any CPU.Build.0 = Debug|Any CPU
		{170D95E5-4FEC-4472-8131-1CF1087C7348}.Release|Any CPU.ActiveCfg = Release|Any CPU
		{170D95E5-4FEC-4472-8131-1CF1087C7348}.Release|Any CPU.Build.0 = Release|Any CPU
		{6DD02DD9-0518-4415-BDCA-F2332D6A6D0F}.Debug|Any CPU.ActiveCfg = Debug|Any CPU
		{6DD02DD9-0518-4415-BDCA-F2332D6A6D0F}.Debug|Any CPU.Build.0 = Debug|Any CPU
		{6DD02DD9-0518-4415-BDCA-F2332D6A6D0F}.Release|Any CPU.ActiveCfg = Release|Any CPU
		{6DD02DD9-0518-4415-BDCA-F2332D6A6D0F}.Release|Any CPU.Build.0 = Release|Any CPU
		{924C124D-1CFB-4BCA-8AE2-62E9412BCD11}.Debug|Any CPU.ActiveCfg = Debug|Any CPU
		{924C124D-1CFB-4BCA-8AE2-62E9412BCD11}.Debug|Any CPU.Build.0 = Debug|Any CPU
		{924C124D-1CFB-4BCA-8AE2-62E9412BCD11}.Release|Any CPU.ActiveCfg = Release|Any CPU
		{924C124D-1CFB-4BCA-8AE2-62E9412BCD11}.Release|Any CPU.Build.0 = Release|Any CPU
		{C9475592-9FFC-472C-BCD8-47AAFD03A61D}.Debug|Any CPU.ActiveCfg = Debug|Any CPU
		{C9475592-9FFC-472C-BCD8-47AAFD03A61D}.Debug|Any CPU.Build.0 = Debug|Any CPU
		{C9475592-9FFC-472C-BCD8-47AAFD03A61D}.Release|Any CPU.ActiveCfg = Release|Any CPU
		{C9475592-9FFC-472C-BCD8-47AAFD03A61D}.Release|Any CPU.Build.0 = Release|Any CPU
		{17D9AC79-B301-473C-AD9F-E28E46DBDA98}.Debug|Any CPU.ActiveCfg = Debug|Any CPU
		{17D9AC79-B301-473C-AD9F-E28E46DBDA98}.Debug|Any CPU.Build.0 = Debug|Any CPU
		{17D9AC79-B301-473C-AD9F-E28E46DBDA98}.Release|Any CPU.ActiveCfg = Release|Any CPU
		{17D9AC79-B301-473C-AD9F-E28E46DBDA98}.Release|Any CPU.Build.0 = Release|Any CPU
		{8B1F816E-C70D-4BA0-9020-B6A41ACB6BD2}.Debug|Any CPU.ActiveCfg = Debug|Any CPU
		{8B1F816E-C70D-4BA0-9020-B6A41ACB6BD2}.Debug|Any CPU.Build.0 = Debug|Any CPU
		{8B1F816E-C70D-4BA0-9020-B6A41ACB6BD2}.Release|Any CPU.ActiveCfg = Release|Any CPU
		{8B1F816E-C70D-4BA0-9020-B6A41ACB6BD2}.Release|Any CPU.Build.0 = Release|Any CPU
		{B1F47C1A-AB0B-477F-9FED-197CB7BF6309}.Debug|Any CPU.ActiveCfg = Debug|Any CPU
		{B1F47C1A-AB0B-477F-9FED-197CB7BF6309}.Debug|Any CPU.Build.0 = Debug|Any CPU
		{B1F47C1A-AB0B-477F-9FED-197CB7BF6309}.Release|Any CPU.ActiveCfg = Release|Any CPU
		{B1F47C1A-AB0B-477F-9FED-197CB7BF6309}.Release|Any CPU.Build.0 = Release|Any CPU
		{B62EF045-DCC4-4706-BF9F-A8CAF1749FAD}.Debug|Any CPU.ActiveCfg = Debug|Any CPU
		{B62EF045-DCC4-4706-BF9F-A8CAF1749FAD}.Debug|Any CPU.Build.0 = Debug|Any CPU
		{B62EF045-DCC4-4706-BF9F-A8CAF1749FAD}.Release|Any CPU.ActiveCfg = Release|Any CPU
		{B62EF045-DCC4-4706-BF9F-A8CAF1749FAD}.Release|Any CPU.Build.0 = Release|Any CPU
		{319C15F8-BB45-4E4F-91D9-9C8603CC88EE}.Debug|Any CPU.ActiveCfg = Debug|Any CPU
		{319C15F8-BB45-4E4F-91D9-9C8603CC88EE}.Debug|Any CPU.Build.0 = Debug|Any CPU
		{319C15F8-BB45-4E4F-91D9-9C8603CC88EE}.Release|Any CPU.ActiveCfg = Release|Any CPU
		{319C15F8-BB45-4E4F-91D9-9C8603CC88EE}.Release|Any CPU.Build.0 = Release|Any CPU
		{22F9B820-16D4-44EF-A796-881389409363}.Debug|Any CPU.ActiveCfg = Debug|Any CPU
		{22F9B820-16D4-44EF-A796-881389409363}.Debug|Any CPU.Build.0 = Debug|Any CPU
		{22F9B820-16D4-44EF-A796-881389409363}.Release|Any CPU.ActiveCfg = Release|Any CPU
		{22F9B820-16D4-44EF-A796-881389409363}.Release|Any CPU.Build.0 = Release|Any CPU
		{93DD50C8-0664-4389-98D1-C50EA9415B88}.Debug|Any CPU.ActiveCfg = Debug|Any CPU
		{93DD50C8-0664-4389-98D1-C50EA9415B88}.Debug|Any CPU.Build.0 = Debug|Any CPU
		{93DD50C8-0664-4389-98D1-C50EA9415B88}.Release|Any CPU.ActiveCfg = Release|Any CPU
		{93DD50C8-0664-4389-98D1-C50EA9415B88}.Release|Any CPU.Build.0 = Release|Any CPU
		{48B55C44-AD73-479E-90C7-1B1FD6E00133}.Debug|Any CPU.ActiveCfg = Debug|Any CPU
		{48B55C44-AD73-479E-90C7-1B1FD6E00133}.Debug|Any CPU.Build.0 = Debug|Any CPU
		{48B55C44-AD73-479E-90C7-1B1FD6E00133}.Release|Any CPU.ActiveCfg = Release|Any CPU
		{48B55C44-AD73-479E-90C7-1B1FD6E00133}.Release|Any CPU.Build.0 = Release|Any CPU
		{1BB943C1-701F-44C6-BB1A-48717C096E7F}.Debug|Any CPU.ActiveCfg = Debug|Any CPU
		{1BB943C1-701F-44C6-BB1A-48717C096E7F}.Debug|Any CPU.Build.0 = Debug|Any CPU
		{1BB943C1-701F-44C6-BB1A-48717C096E7F}.Release|Any CPU.ActiveCfg = Release|Any CPU
		{1BB943C1-701F-44C6-BB1A-48717C096E7F}.Release|Any CPU.Build.0 = Release|Any CPU
		{7341A3F4-5279-4588-A5ED-CA34E6F72C75}.Debug|Any CPU.ActiveCfg = Debug|Any CPU
		{7341A3F4-5279-4588-A5ED-CA34E6F72C75}.Debug|Any CPU.Build.0 = Debug|Any CPU
		{7341A3F4-5279-4588-A5ED-CA34E6F72C75}.Release|Any CPU.ActiveCfg = Release|Any CPU
		{7341A3F4-5279-4588-A5ED-CA34E6F72C75}.Release|Any CPU.Build.0 = Release|Any CPU
		{5F7FAC5C-C6F1-42C7-B0E4-AB7ECBA185ED}.Debug|Any CPU.ActiveCfg = Debug|Any CPU
		{5F7FAC5C-C6F1-42C7-B0E4-AB7ECBA185ED}.Debug|Any CPU.Build.0 = Debug|Any CPU
		{5F7FAC5C-C6F1-42C7-B0E4-AB7ECBA185ED}.Release|Any CPU.ActiveCfg = Release|Any CPU
		{5F7FAC5C-C6F1-42C7-B0E4-AB7ECBA185ED}.Release|Any CPU.Build.0 = Release|Any CPU
		{AFB2ECD2-B9A9-4D44-B48F-8C8F0033EB7B}.Debug|Any CPU.ActiveCfg = Debug|Any CPU
		{AFB2ECD2-B9A9-4D44-B48F-8C8F0033EB7B}.Debug|Any CPU.Build.0 = Debug|Any CPU
		{AFB2ECD2-B9A9-4D44-B48F-8C8F0033EB7B}.Release|Any CPU.ActiveCfg = Release|Any CPU
		{AFB2ECD2-B9A9-4D44-B48F-8C8F0033EB7B}.Release|Any CPU.Build.0 = Release|Any CPU
		{23351EEA-C0AD-4108-B5CE-6670FC356022}.Debug|Any CPU.ActiveCfg = Debug|Any CPU
		{23351EEA-C0AD-4108-B5CE-6670FC356022}.Debug|Any CPU.Build.0 = Debug|Any CPU
		{23351EEA-C0AD-4108-B5CE-6670FC356022}.Release|Any CPU.ActiveCfg = Release|Any CPU
		{23351EEA-C0AD-4108-B5CE-6670FC356022}.Release|Any CPU.Build.0 = Release|Any CPU
		{829CD8EA-1434-46E4-A1AD-A983EA277C54}.Debug|Any CPU.ActiveCfg = Debug|Any CPU
		{829CD8EA-1434-46E4-A1AD-A983EA277C54}.Debug|Any CPU.Build.0 = Debug|Any CPU
		{829CD8EA-1434-46E4-A1AD-A983EA277C54}.Release|Any CPU.ActiveCfg = Release|Any CPU
		{829CD8EA-1434-46E4-A1AD-A983EA277C54}.Release|Any CPU.Build.0 = Release|Any CPU
		{6DE80CCE-95DF-43C5-B391-DAE597C917A8}.Debug|Any CPU.ActiveCfg = Debug|Any CPU
		{6DE80CCE-95DF-43C5-B391-DAE597C917A8}.Debug|Any CPU.Build.0 = Debug|Any CPU
		{6DE80CCE-95DF-43C5-B391-DAE597C917A8}.Release|Any CPU.ActiveCfg = Release|Any CPU
		{6DE80CCE-95DF-43C5-B391-DAE597C917A8}.Release|Any CPU.Build.0 = Release|Any CPU
		{9F2796D5-7FC7-40CB-A1DE-11436293D472}.Debug|Any CPU.ActiveCfg = Debug|Any CPU
		{9F2796D5-7FC7-40CB-A1DE-11436293D472}.Debug|Any CPU.Build.0 = Debug|Any CPU
		{9F2796D5-7FC7-40CB-A1DE-11436293D472}.Release|Any CPU.ActiveCfg = Release|Any CPU
		{9F2796D5-7FC7-40CB-A1DE-11436293D472}.Release|Any CPU.Build.0 = Release|Any CPU
		{01D7468A-7B9F-4C21-AE25-8383423D88D4}.Debug|Any CPU.ActiveCfg = Debug|Any CPU
		{01D7468A-7B9F-4C21-AE25-8383423D88D4}.Debug|Any CPU.Build.0 = Debug|Any CPU
		{01D7468A-7B9F-4C21-AE25-8383423D88D4}.Release|Any CPU.ActiveCfg = Release|Any CPU
		{01D7468A-7B9F-4C21-AE25-8383423D88D4}.Release|Any CPU.Build.0 = Release|Any CPU
		{F4336CE2-FEF0-40C1-A9D7-48FB9898FCD1}.Debug|Any CPU.ActiveCfg = Debug|Any CPU
		{F4336CE2-FEF0-40C1-A9D7-48FB9898FCD1}.Debug|Any CPU.Build.0 = Debug|Any CPU
		{F4336CE2-FEF0-40C1-A9D7-48FB9898FCD1}.Release|Any CPU.ActiveCfg = Release|Any CPU
		{F4336CE2-FEF0-40C1-A9D7-48FB9898FCD1}.Release|Any CPU.Build.0 = Release|Any CPU
		{15683292-82AD-4430-9B9C-41F0B2874C75}.Debug|Any CPU.ActiveCfg = Debug|Any CPU
		{15683292-82AD-4430-9B9C-41F0B2874C75}.Debug|Any CPU.Build.0 = Debug|Any CPU
		{15683292-82AD-4430-9B9C-41F0B2874C75}.Release|Any CPU.ActiveCfg = Release|Any CPU
		{15683292-82AD-4430-9B9C-41F0B2874C75}.Release|Any CPU.Build.0 = Release|Any CPU
		{829981F1-063B-4536-9FDF-EE016CE2FDC5}.Debug|Any CPU.ActiveCfg = Debug|Any CPU
		{829981F1-063B-4536-9FDF-EE016CE2FDC5}.Debug|Any CPU.Build.0 = Debug|Any CPU
		{829981F1-063B-4536-9FDF-EE016CE2FDC5}.Release|Any CPU.ActiveCfg = Release|Any CPU
		{829981F1-063B-4536-9FDF-EE016CE2FDC5}.Release|Any CPU.Build.0 = Release|Any CPU
		{5AC33161-C2F4-4B45-97A7-A4EFDCFF09C1}.Debug|Any CPU.ActiveCfg = Debug|Any CPU
		{5AC33161-C2F4-4B45-97A7-A4EFDCFF09C1}.Debug|Any CPU.Build.0 = Debug|Any CPU
		{5AC33161-C2F4-4B45-97A7-A4EFDCFF09C1}.Release|Any CPU.ActiveCfg = Release|Any CPU
		{5AC33161-C2F4-4B45-97A7-A4EFDCFF09C1}.Release|Any CPU.Build.0 = Release|Any CPU
		{8D3BFDB5-8E81-474B-AC28-94E3F7C8636E}.Debug|Any CPU.ActiveCfg = Debug|Any CPU
		{8D3BFDB5-8E81-474B-AC28-94E3F7C8636E}.Debug|Any CPU.Build.0 = Debug|Any CPU
		{8D3BFDB5-8E81-474B-AC28-94E3F7C8636E}.Release|Any CPU.ActiveCfg = Release|Any CPU
		{8D3BFDB5-8E81-474B-AC28-94E3F7C8636E}.Release|Any CPU.Build.0 = Release|Any CPU
		{6A6A1A1F-2182-41A7-B64E-7635AEFA9AF9}.Debug|Any CPU.ActiveCfg = Debug|Any CPU
		{6A6A1A1F-2182-41A7-B64E-7635AEFA9AF9}.Debug|Any CPU.Build.0 = Debug|Any CPU
		{6A6A1A1F-2182-41A7-B64E-7635AEFA9AF9}.Release|Any CPU.ActiveCfg = Release|Any CPU
		{6A6A1A1F-2182-41A7-B64E-7635AEFA9AF9}.Release|Any CPU.Build.0 = Release|Any CPU
		{DEA6E277-0EF7-4A75-B8B4-6BE21AD775CD}.Debug|Any CPU.ActiveCfg = Debug|Any CPU
		{DEA6E277-0EF7-4A75-B8B4-6BE21AD775CD}.Debug|Any CPU.Build.0 = Debug|Any CPU
		{DEA6E277-0EF7-4A75-B8B4-6BE21AD775CD}.Release|Any CPU.ActiveCfg = Release|Any CPU
		{DEA6E277-0EF7-4A75-B8B4-6BE21AD775CD}.Release|Any CPU.Build.0 = Release|Any CPU
		{69804FB8-4BD7-49D5-BE90-4B88D60FA7DB}.Debug|Any CPU.ActiveCfg = Debug|Any CPU
		{69804FB8-4BD7-49D5-BE90-4B88D60FA7DB}.Debug|Any CPU.Build.0 = Debug|Any CPU
		{69804FB8-4BD7-49D5-BE90-4B88D60FA7DB}.Release|Any CPU.ActiveCfg = Release|Any CPU
		{69804FB8-4BD7-49D5-BE90-4B88D60FA7DB}.Release|Any CPU.Build.0 = Release|Any CPU
		{E17DF2DC-94C7-4EAE-926C-E9472D846506}.Debug|Any CPU.ActiveCfg = Debug|Any CPU
		{E17DF2DC-94C7-4EAE-926C-E9472D846506}.Debug|Any CPU.Build.0 = Debug|Any CPU
		{E17DF2DC-94C7-4EAE-926C-E9472D846506}.Release|Any CPU.ActiveCfg = Release|Any CPU
		{E17DF2DC-94C7-4EAE-926C-E9472D846506}.Release|Any CPU.Build.0 = Release|Any CPU
		{26DA04A5-8CF9-42CB-84B7-D9CB2B273E8C}.Debug|Any CPU.ActiveCfg = Debug|Any CPU
		{26DA04A5-8CF9-42CB-84B7-D9CB2B273E8C}.Debug|Any CPU.Build.0 = Debug|Any CPU
		{26DA04A5-8CF9-42CB-84B7-D9CB2B273E8C}.Release|Any CPU.ActiveCfg = Release|Any CPU
		{26DA04A5-8CF9-42CB-84B7-D9CB2B273E8C}.Release|Any CPU.Build.0 = Release|Any CPU
		{7B323D62-AD7F-4B8A-B454-2D1CEC495674}.Debug|Any CPU.ActiveCfg = Debug|Any CPU
		{7B323D62-AD7F-4B8A-B454-2D1CEC495674}.Debug|Any CPU.Build.0 = Debug|Any CPU
		{7B323D62-AD7F-4B8A-B454-2D1CEC495674}.Release|Any CPU.ActiveCfg = Release|Any CPU
		{7B323D62-AD7F-4B8A-B454-2D1CEC495674}.Release|Any CPU.Build.0 = Release|Any CPU
		{DC7F16CC-E1A1-4B18-8752-835A991DF010}.Debug|Any CPU.ActiveCfg = Debug|Any CPU
		{DC7F16CC-E1A1-4B18-8752-835A991DF010}.Debug|Any CPU.Build.0 = Debug|Any CPU
		{DC7F16CC-E1A1-4B18-8752-835A991DF010}.Release|Any CPU.ActiveCfg = Release|Any CPU
		{DC7F16CC-E1A1-4B18-8752-835A991DF010}.Release|Any CPU.Build.0 = Release|Any CPU
	EndGlobalSection
	GlobalSection(SolutionProperties) = preSolution
		HideSolutionNode = FALSE
	EndGlobalSection
	GlobalSection(ExtensibilityGlobals) = postSolution
		SolutionGuid = {78ECE19A-14BA-4B43-A9B2-BADDCFB8B80E}
	EndGlobalSection
EndGlobal
